
Microsoft Visual Studio Solution File, Format Version 12.00
# Visual Studio Version 17
VisualStudioVersion = 17.5.33502.453
MinimumVisualStudioVersion = 10.0.40219.1
Project("{FAE04EC0-301F-11D3-BF4B-00C04F79EFBC}") = "WidowsOfWar", "WidowsOfWar.csproj", "{17CBDA87-FF0D-4E0E-A3EA-78D75268B20F}"
EndProject
Global
	GlobalSection(SolutionConfigurationPlatforms) = preSolution
		Debug|Any CPU = Debug|Any CPU
		Release|Any CPU = Release|Any CPU
	EndGlobalSection
	GlobalSection(ProjectConfigurationPlatforms) = postSolution
		{17CBDA87-FF0D-4E0E-A3EA-78D75268B20F}.Debug|Any CPU.ActiveCfg = Debug|Any CPU
		{17CBDA87-FF0D-4E0E-A3EA-78D75268B20F}.Debug|Any CPU.Build.0 = Debug|Any CPU
		{17CBDA87-FF0D-4E0E-A3EA-78D75268B20F}.Release|Any CPU.ActiveCfg = Release|Any CPU
		{17CBDA87-FF0D-4E0E-A3EA-78D75268B20F}.Release|Any CPU.Build.0 = Release|Any CPU
	EndGlobalSection
	GlobalSection(SolutionProperties) = preSolution
		HideSolutionNode = FALSE
	EndGlobalSection
	GlobalSection(ExtensibilityGlobals) = postSolution
		SolutionGuid = {8F9A10B5-A779-4A76-AF06-2889D418F498}
	EndGlobalSection
EndGlobal
